# This file is automatically @generated by Cargo.
# It is not intended for manual editing.
version = 4

[[package]]
name = "app"
version = "0.1.0"
dependencies = [
 "lib",
 "organism",
]

[[package]]
name = "lib"
version = "0.1.0"
dependencies = [
 "organism",
]

[[package]]
name = "organism"
version = "0.1.0"

[[package]]
name = "with-crates-and-packages"
version = "0.1.0"
